
Microsoft Visual Studio Solution File, Format Version 12.00
# Visual Studio Version 17
VisualStudioVersion = 17.0.31903.59
MinimumVisualStudioVersion = 10.0.40219.1
Project("{FAE04EC0-301F-11D3-BF4B-00C04F79EFBC}") = "BronesWebAPI.WebApi", "BronesWebAPI.WebApi\BronesWebAPI.WebApi.csproj", "{CF65DD11-4FB8-4DA4-B973-1847F0B2DBEB}"
EndProject
Global
	GlobalSection(SolutionConfigurationPlatforms) = preSolution
		Debug|Any CPU = Debug|Any CPU
		Release|Any CPU = Release|Any CPU
	EndGlobalSection
	GlobalSection(ProjectConfigurationPlatforms) = postSolution
		{CF65DD11-4FB8-4DA4-B973-1847F0B2DBEB}.Debug|Any CPU.ActiveCfg = Debug|Any CPU
		{CF65DD11-4FB8-4DA4-B973-1847F0B2DBEB}.Debug|Any CPU.Build.0 = Debug|Any CPU
		{CF65DD11-4FB8-4DA4-B973-1847F0B2DBEB}.Release|Any CPU.ActiveCfg = Release|Any CPU
		{CF65DD11-4FB8-4DA4-B973-1847F0B2DBEB}.Release|Any CPU.Build.0 = Release|Any CPU
	EndGlobalSection
	GlobalSection(SolutionProperties) = preSolution
		HideSolutionNode = FALSE
	EndGlobalSection
EndGlobal
